{
  "name": "jules",
  "version": "1.0.0",
  "lockfileVersion": 1,
  "requires": true,
  "dependencies": {
    "get-stdin": {
      "version": "5.0.1",
      "resolved": "https://registry.npmjs.org/get-stdin/-/get-stdin-5.0.1.tgz",
      "integrity": "sha1-Ei4WFZHiH/TFJTAwVpPyDmOTo5g="
    },
    "valid-identifier": {
      "version": "0.0.1",
      "resolved": "https://registry.npmjs.org/valid-identifier/-/valid-identifier-0.0.1.tgz",
      "integrity": "sha1-7x1wk6nTKH4/zpLfkW+GFrI/kLQ="
    }
  }
}
